
Microsoft Visual Studio Solution File, Format Version 12.00
# Visual Studio Version 16
VisualStudioVersion = 16.0.33328.57
MinimumVisualStudioVersion = 10.0.40219.1
Project("{8BC9CEB8-8B4A-11D0-8D11-00A0C91BC942}") = "elephant", "elephant.vcxproj", "{A8BB02A7-FE0A-4139-9AA9-CCCB624E2AD5}"
EndProject
Global
	GlobalSection(SolutionConfigurationPlatforms) = preSolution
		Debug|x64 = Debug|x64
		Debug|x86 = Debug|x86
		Release|x64 = Release|x64
		Release|x86 = Release|x86
	EndGlobalSection
	GlobalSection(ProjectConfigurationPlatforms) = postSolution
		{A8BB02A7-FE0A-4139-9AA9-CCCB624E2AD5}.Debug|x64.ActiveCfg = Debug|x64
		{A8BB02A7-FE0A-4139-9AA9-CCCB624E2AD5}.Debug|x64.Build.0 = Debug|x64
		{A8BB02A7-FE0A-4139-9AA9-CCCB624E2AD5}.Debug|x86.ActiveCfg = Debug|Win32
		{A8BB02A7-FE0A-4139-9AA9-CCCB624E2AD5}.Debug|x86.Build.0 = Debug|Win32
		{A8BB02A7-FE0A-4139-9AA9-CCCB624E2AD5}.Release|x64.ActiveCfg = Release|x64
		{A8BB02A7-FE0A-4139-9AA9-CCCB624E2AD5}.Release|x64.Build.0 = Release|x64
		{A8BB02A7-FE0A-4139-9AA9-CCCB624E2AD5}.Release|x86.ActiveCfg = Release|Win32
		{A8BB02A7-FE0A-4139-9AA9-CCCB624E2AD5}.Release|x86.Build.0 = Release|Win32
	EndGlobalSection
	GlobalSection(SolutionProperties) = preSolution
		HideSolutionNode = FALSE
	EndGlobalSection
	GlobalSection(ExtensibilityGlobals) = postSolution
		SolutionGuid = {BA6E3D1F-5990-4FA2-8FE2-9C2DAFF2AFDB}
	EndGlobalSection
EndGlobal
